
Microsoft Visual Studio Solution File, Format Version 12.00
# Visual Studio Version 17
VisualStudioVersion = 17.4.33213.308
MinimumVisualStudioVersion = 10.0.40219.1
Project("{FAE04EC0-301F-11D3-BF4B-00C04F79EFBC}") = "SenderApplication", "SenderApp\SenderApplication.csproj", "{C9945D9E-436D-44D5-B5F9-242A71EE0623}"
EndProject
Project("{FAE04EC0-301F-11D3-BF4B-00C04F79EFBC}") = "RecieverApplication", "RecieverApplication\RecieverApplication.csproj", "{15FAA722-AF40-4123-84C4-5A07ED0B2C7F}"
EndProject
Project("{FAE04EC0-301F-11D3-BF4B-00C04F79EFBC}") = "Common", "Common\Common.csproj", "{893EAB4B-DBAD-4B4A-88BF-4A4091ED4AAF}"
EndProject
Global
	GlobalSection(SolutionConfigurationPlatforms) = preSolution
		Debug|Any CPU = Debug|Any CPU
		Release|Any CPU = Release|Any CPU
	EndGlobalSection
	GlobalSection(ProjectConfigurationPlatforms) = postSolution
		{C9945D9E-436D-44D5-B5F9-242A71EE0623}.Debug|Any CPU.ActiveCfg = Debug|Any CPU
		{C9945D9E-436D-44D5-B5F9-242A71EE0623}.Debug|Any CPU.Build.0 = Debug|Any CPU
		{C9945D9E-436D-44D5-B5F9-242A71EE0623}.Release|Any CPU.ActiveCfg = Release|Any CPU
		{C9945D9E-436D-44D5-B5F9-242A71EE0623}.Release|Any CPU.Build.0 = Release|Any CPU
		{15FAA722-AF40-4123-84C4-5A07ED0B2C7F}.Debug|Any CPU.ActiveCfg = Debug|Any CPU
		{15FAA722-AF40-4123-84C4-5A07ED0B2C7F}.Debug|Any CPU.Build.0 = Debug|Any CPU
		{15FAA722-AF40-4123-84C4-5A07ED0B2C7F}.Release|Any CPU.ActiveCfg = Release|Any CPU
		{15FAA722-AF40-4123-84C4-5A07ED0B2C7F}.Release|Any CPU.Build.0 = Release|Any CPU
		{893EAB4B-DBAD-4B4A-88BF-4A4091ED4AAF}.Debug|Any CPU.ActiveCfg = Debug|Any CPU
		{893EAB4B-DBAD-4B4A-88BF-4A4091ED4AAF}.Debug|Any CPU.Build.0 = Debug|Any CPU
		{893EAB4B-DBAD-4B4A-88BF-4A4091ED4AAF}.Release|Any CPU.ActiveCfg = Release|Any CPU
		{893EAB4B-DBAD-4B4A-88BF-4A4091ED4AAF}.Release|Any CPU.Build.0 = Release|Any CPU
	EndGlobalSection
	GlobalSection(SolutionProperties) = preSolution
		HideSolutionNode = FALSE
	EndGlobalSection
	GlobalSection(ExtensibilityGlobals) = postSolution
		SolutionGuid = {CF2F5B03-7A73-4869-A105-11A74BD1859D}
	EndGlobalSection
EndGlobal
